
Microsoft Visual Studio Solution File, Format Version 12.00
# Visual Studio 15
VisualStudioVersion = 15.0.26730.12
MinimumVisualStudioVersion = 10.0.40219.1
Project("{FAE04EC0-301F-11D3-BF4B-00C04F79EFBC}") = "LegacyApplication.View", "LegacyApplication.View\LegacyApplication.View.csproj", "{981A2AB4-2B1F-4794-86F6-BE7D1033C4D4}"
EndProject
Global
	GlobalSection(SolutionConfigurationPlatforms) = preSolution
		Debug|Any CPU = Debug|Any CPU
		Release|Any CPU = Release|Any CPU
	EndGlobalSection
	GlobalSection(ProjectConfigurationPlatforms) = postSolution
		{981A2AB4-2B1F-4794-86F6-BE7D1033C4D4}.Debug|Any CPU.ActiveCfg = Debug|Any CPU
		{981A2AB4-2B1F-4794-86F6-BE7D1033C4D4}.Debug|Any CPU.Build.0 = Debug|Any CPU
		{981A2AB4-2B1F-4794-86F6-BE7D1033C4D4}.Release|Any CPU.ActiveCfg = Release|Any CPU
		{981A2AB4-2B1F-4794-86F6-BE7D1033C4D4}.Release|Any CPU.Build.0 = Release|Any CPU
	EndGlobalSection
	GlobalSection(SolutionProperties) = preSolution
		HideSolutionNode = FALSE
	EndGlobalSection
	GlobalSection(ExtensibilityGlobals) = postSolution
		SolutionGuid = {E4375EA5-DCA1-43C5-989F-77D3B189D949}
	EndGlobalSection
	GlobalSection(CodealikeProperties) = postSolution
		SolutionGuid = 8b228763-2e5f-4e53-9f14-e42b744e79ea
	EndGlobalSection
EndGlobal
